
Microsoft Visual Studio Solution File, Format Version 12.00
# Visual Studio 2012
Project("{FAE04EC0-301F-11D3-BF4B-00C04F79EFBC}") = "WebApplication1", "WebApplication1\WebApplication1.csproj", "{683BE19F-3E40-4528-9814-24981DE9DF86}"
EndProject
Project("{FAE04EC0-301F-11D3-BF4B-00C04F79EFBC}") = "DataL", "DataL\DataL.csproj", "{FA527ADC-BF0E-4251-895A-B0FD0E4C92AD}"
EndProject
Project("{FAE04EC0-301F-11D3-BF4B-00C04F79EFBC}") = "BussinessL", "BussinessL\BussinessL.csproj", "{00F988F2-2109-4287-B396-323EC36ED124}"
EndProject
Global
	GlobalSection(SolutionConfigurationPlatforms) = preSolution
		Debug|Any CPU = Debug|Any CPU
		Release|Any CPU = Release|Any CPU
	EndGlobalSection
	GlobalSection(ProjectConfigurationPlatforms) = postSolution
		{683BE19F-3E40-4528-9814-24981DE9DF86}.Debug|Any CPU.ActiveCfg = Debug|Any CPU
		{683BE19F-3E40-4528-9814-24981DE9DF86}.Debug|Any CPU.Build.0 = Debug|Any CPU
		{683BE19F-3E40-4528-9814-24981DE9DF86}.Release|Any CPU.ActiveCfg = Release|Any CPU
		{683BE19F-3E40-4528-9814-24981DE9DF86}.Release|Any CPU.Build.0 = Release|Any CPU
		{FA527ADC-BF0E-4251-895A-B0FD0E4C92AD}.Debug|Any CPU.ActiveCfg = Debug|Any CPU
		{FA527ADC-BF0E-4251-895A-B0FD0E4C92AD}.Debug|Any CPU.Build.0 = Debug|Any CPU
		{FA527ADC-BF0E-4251-895A-B0FD0E4C92AD}.Release|Any CPU.ActiveCfg = Release|Any CPU
		{FA527ADC-BF0E-4251-895A-B0FD0E4C92AD}.Release|Any CPU.Build.0 = Release|Any CPU
		{00F988F2-2109-4287-B396-323EC36ED124}.Debug|Any CPU.ActiveCfg = Debug|Any CPU
		{00F988F2-2109-4287-B396-323EC36ED124}.Debug|Any CPU.Build.0 = Debug|Any CPU
		{00F988F2-2109-4287-B396-323EC36ED124}.Release|Any CPU.ActiveCfg = Release|Any CPU
		{00F988F2-2109-4287-B396-323EC36ED124}.Release|Any CPU.Build.0 = Release|Any CPU
	EndGlobalSection
	GlobalSection(SolutionProperties) = preSolution
		HideSolutionNode = FALSE
	EndGlobalSection
EndGlobal
